
Microsoft Visual Studio Solution File, Format Version 12.00
# Visual Studio Version 16
VisualStudioVersion = 16.0.29609.76
MinimumVisualStudioVersion = 10.0.40219.1
Project("{FAE04EC0-301F-11D3-BF4B-00C04F79EFBC}") = "LeattestFile", "LeattestFile\LeattestFile.csproj", "{FE036B93-376B-4FB3-899D-7EDFF8FB51F6}"
EndProject
Global
	GlobalSection(SolutionConfigurationPlatforms) = preSolution
		Debug|Any CPU = Debug|Any CPU
		Release|Any CPU = Release|Any CPU
	EndGlobalSection
	GlobalSection(ProjectConfigurationPlatforms) = postSolution
		{FE036B93-376B-4FB3-899D-7EDFF8FB51F6}.Debug|Any CPU.ActiveCfg = Debug|Any CPU
		{FE036B93-376B-4FB3-899D-7EDFF8FB51F6}.Debug|Any CPU.Build.0 = Debug|Any CPU
		{FE036B93-376B-4FB3-899D-7EDFF8FB51F6}.Release|Any CPU.ActiveCfg = Release|Any CPU
		{FE036B93-376B-4FB3-899D-7EDFF8FB51F6}.Release|Any CPU.Build.0 = Release|Any CPU
	EndGlobalSection
	GlobalSection(SolutionProperties) = preSolution
		HideSolutionNode = FALSE
	EndGlobalSection
	GlobalSection(ExtensibilityGlobals) = postSolution
		SolutionGuid = {598F6545-FA3B-444D-945A-A891D5075147}
	EndGlobalSection
EndGlobal
